// !$*UTF8*$!
{
	archiveVersion = 1;
	classes = {
	};
	objectVersion = 50;
	objects = {

/* Begin PBXBuildFile section */
		B29E53CB2109547A0039F527 /* AppDelegate.swift in Sources */ = {isa = PBXBuildFile; fileRef = B29E53CA2109547A0039F527 /* AppDelegate.swift */; };
		B29E53CD2109547A0039F527 /* ViewController.swift in Sources */ = {isa = PBXBuildFile; fileRef = B29E53CC2109547A0039F527 /* ViewController.swift */; };
		B29E53D02109547A0039F527 /* Main.storyboard in Resources */ = {isa = PBXBuildFile; fileRef = B29E53CE2109547A0039F527 /* Main.storyboard */; };
		B29E53D2210954850039F527 /* Assets.xcassets in Resources */ = {isa = PBXBuildFile; fileRef = B29E53D1210954850039F527 /* Assets.xcassets */; };
		B29E53D5210954850039F527 /* LaunchScreen.storyboard in Resources */ = {isa = PBXBuildFile; fileRef = B29E53D3210954850039F527 /* LaunchScreen.storyboard */; };
		B29E53E0210954850039F527 /* SampleProjectTests.swift in Sources */ = {isa = PBXBuildFile; fileRef = B29E53DF210954850039F527 /* SampleProjectTests.swift */; };
		B29E53EB210954850039F527 /* SampleProjectUITests.swift in Sources */ = {isa = PBXBuildFile; fileRef = B29E53EA210954850039F527 /* SampleProjectUITests.swift */; };
/* End PBXBuildFile section */

/* Begin PBXContainerItemProxy section */
		B29E53DC210954850039F527 /* PBXContainerItemProxy */ = {
			isa = PBXContainerItemProxy;
			containerPortal = B29E53BF2109547A0039F527 /* Project object */;
			proxyType = 1;
			remoteGlobalIDString = B29E53C62109547A0039F527;
			remoteInfo = SampleProject;
		};
		B29E53E7210954850039F527 /* PBXContainerItemProxy */ = {
			isa = PBXContainerItemProxy;
			containerPortal = B29E53BF2109547A0039F527 /* Project object */;
			proxyType = 1;
			remoteGlobalIDString = B29E53C62109547A0039F527;
			remoteInfo = SampleProject;
		};
/* End PBXContainerItemProxy section */

/* Begin PBXFileReference section */
		B29E53C72109547A0039F527 /* SampleProject.app */ = {isa = PBXFileReference; explicitFileType = wrapper.application; includeInIndex = 0; path = SampleProject.app; sourceTree = BUILT_PRODUCTS_DIR; };
		B29E53CA2109547A0039F527 /* AppDelegate.swift */ = {isa = PBXFileReference; lastKnownFileType = sourcecode.swift; path = AppDelegate.swift; sourceTree = "<group>"; };
		B29E53CC2109547A0039F527 /* ViewController.swift */ = {isa = PBXFileReference; lastKnownFileType = sourcecode.swift; path = ViewController.swift; sourceTree = "<group>"; };
		B29E53CF2109547A0039F527 /* Base */ = {isa = PBXFileReference; lastKnownFileType = file.storyboard; name = Base; path = Base.lproj/Main.storyboard; sourceTree = "<group>"; };
		B29E53D1210954850039F527 /* Assets.xcassets */ = {isa = PBXFileReference; lastKnownFileType = folder.assetcatalog; path = Assets.xcassets; sourceTree = "<group>"; };
		B29E53D4210954850039F527 /* Base */ = {isa = PBXFileReference; lastKnownFileType = file.storyboard; name = Base; path = Base.lproj/LaunchScreen.storyboard; sourceTree = "<group>"; };
		B29E53D6210954850039F527 /* Info.plist */ = {isa = PBXFileReference; lastKnownFileType = text.plist.xml; path = Info.plist; sourceTree = "<group>"; };
		B29E53DB210954850039F527 /* SampleProjectTests.xctest */ = {isa = PBXFileReference; explicitFileType = wrapper.cfbundle; includeInIndex = 0; path = SampleProjectTests.xctest; sourceTree = BUILT_PRODUCTS_DIR; };
		B29E53DF210954850039F527 /* SampleProjectTests.swift */ = {isa = PBXFileReference; lastKnownFileType = sourcecode.swift; path = SampleProjectTests.swift; sourceTree = "<group>"; };
		B29E53E1210954850039F527 /* Info.plist */ = {isa = PBXFileReference; lastKnownFileType = text.plist.xml; path = Info.plist; sourceTree = "<group>"; };
		B29E53E6210954850039F527 /* SampleProjectUITests.xctest */ = {isa = PBXFileReference; explicitFileType = wrapper.cfbundle; includeInIndex = 0; path = SampleProjectUITests.xctest; sourceTree = BUILT_PRODUCTS_DIR; };
		B29E53EA210954850039F527 /* SampleProjectUITests.swift */ = {isa = PBXFileReference; lastKnownFileType = sourcecode.swift; path = SampleProjectUITests.swift; sourceTree = "<group>"; };
		B29E53EC210954850039F527 /* Info.plist */ = {isa = PBXFileReference; lastKnownFileType = text.plist.xml; path = Info.plist; sourceTree = "<group>"; };
/* End PBXFileReference section */

/* Begin PBXFrameworksBuildPhase section */
		B29E53C42109547A0039F527 /* Frameworks */ = {
			isa = PBXFrameworksBuildPhase;
			buildActionMask = 2147483647;
			files = (
			);
			runOnlyForDeploymentPostprocessing = 0;
		};
		B29E53D8210954850039F527 /* Frameworks */ = {
			isa = PBXFrameworksBuildPhase;
			buildActionMask = 2147483647;
			files = (
			);
			runOnlyForDeploymentPostprocessing = 0;
		};
		B29E53E3210954850039F527 /* Frameworks */ = {
			isa = PBXFrameworksBuildPhase;
			buildActionMask = 2147483647;
			files = (
			);
			runOnlyForDeploymentPostprocessing = 0;
		};
/* End PBXFrameworksBuildPhase section */

/* Begin PBXGroup section */
		B29E53BE2109547A0039F527 = {
			isa = PBXGroup;
			children = (
				B29E53C92109547A0039F527 /* SampleProject */,
				B29E53DE210954850039F527 /* SampleProjectTests */,
				B29E53E9210954850039F527 /* SampleProjectUITests */,
				B29E53C82109547A0039F527 /* Products */,
			);
			sourceTree = "<group>";
		};
		B29E53C82109547A0039F527 /* Products */ = {
			isa = PBXGroup;
			children = (
				B29E53C72109547A0039F527 /* SampleProject.app */,
				B29E53DB210954850039F527 /* SampleProjectTests.xctest */,
				B29E53E6210954850039F527 /* SampleProjectUITests.xctest */,
			);
			name = Products;
			sourceTree = "<group>";
		};
		B29E53C92109547A0039F527 /* SampleProject */ = {
			isa = PBXGroup;
			children = (
				B29E53CA2109547A0039F527 /* AppDelegate.swift */,
				B29E53CC2109547A0039F527 /* ViewController.swift */,
				B29E53CE2109547A0039F527 /* Main.storyboard */,
				B29E53D1210954850039F527 /* Assets.xcassets */,
				B29E53D3210954850039F527 /* LaunchScreen.storyboard */,
				B29E53D6210954850039F527 /* Info.plist */,
			);
			path = SampleProject;
			sourceTree = "<group>";
		};
		B29E53DE210954850039F527 /* SampleProjectTests */ = {
			isa = PBXGroup;
			children = (
				B29E53DF210954850039F527 /* SampleProjectTests.swift */,
				B29E53E1210954850039F527 /* Info.plist */,
			);
			path = SampleProjectTests;
			sourceTree = "<group>";
		};
		B29E53E9210954850039F527 /* SampleProjectUITests */ = {
			isa = PBXGroup;
			children = (
				B29E53EA210954850039F527 /* SampleProjectUITests.swift */,
				B29E53EC210954850039F527 /* Info.plist */,
			);
			path = SampleProjectUITests;
			sourceTree = "<group>";
		};
/* End PBXGroup section */

/* Begin PBXNativeTarget section */
		B29E53C62109547A0039F527 /* SampleProject */ = {
			isa = PBXNativeTarget;
			buildConfigurationList = B29E53EF210954850039F527 /* Build configuration list for PBXNativeTarget "SampleProject" */;
			buildPhases = (
				B29E53C32109547A0039F527 /* Sources */,
				B29E53C42109547A0039F527 /* Frameworks */,
				B29E53C52109547A0039F527 /* Resources */,
			);
			buildRules = (
			);
			dependencies = (
			);
			name = SampleProject;
			productName = SampleProject;
			productReference = B29E53C72109547A0039F527 /* SampleProject.app */;
			productType = "com.apple.product-type.application";
		};
		B29E53DA210954850039F527 /* SampleProjectTests */ = {
			isa = PBXNativeTarget;
			buildConfigurationList = B29E53F2210954850039F527 /* Build configuration list for PBXNativeTarget "SampleProjectTests" */;
			buildPhases = (
				B29E53D7210954850039F527 /* Sources */,
				B29E53D8210954850039F527 /* Frameworks */,
				B29E53D9210954850039F527 /* Resources */,
			);
			buildRules = (
			);
			dependencies = (
				B29E53DD210954850039F527 /* PBXTargetDependency */,
			);
			name = SampleProjectTests;
			productName = SampleProjectTests;
			productReference = B29E53DB210954850039F527 /* SampleProjectTests.xctest */;
			productType = "com.apple.product-type.bundle.unit-test";
		};
		B29E53E5210954850039F527 /* SampleProjectUITests */ = {
			isa = PBXNativeTarget;
			buildConfigurationList = B29E53F5210954850039F527 /* Build configuration list for PBXNativeTarget "SampleProjectUITests" */;
			buildPhases = (
				B29E53E2210954850039F527 /* Sources */,
				B29E53E3210954850039F527 /* Frameworks */,
				B29E53E4210954850039F527 /* Resources */,
			);
			buildRules = (
			);
			dependencies = (
				B29E53E8210954850039F527 /* PBXTargetDependency */,
			);
			name = SampleProjectUITests;
			productName = SampleProjectUITests;
			productReference = B29E53E6210954850039F527 /* SampleProjectUITests.xctest */;
			productType = "com.apple.product-type.bundle.ui-testing";
		};
/* End PBXNativeTarget section */

/* Begin PBXProject section */
		B29E53BF2109547A0039F527 /* Project object */ = {
			isa = PBXProject;
			attributes = {
				LastSwiftUpdateCheck = 0940;
				LastUpgradeCheck = 0940;
				ORGANIZATIONNAME = "Joseph Bertolino";
				TargetAttributes = {
					B29E53C62109547A0039F527 = {
						CreatedOnToolsVersion = 9.4.1;
					};
					B29E53DA210954850039F527 = {
						CreatedOnToolsVersion = 9.4.1;
						TestTargetID = B29E53C62109547A0039F527;
					};
					B29E53E5210954850039F527 = {
						CreatedOnToolsVersion = 9.4.1;
						TestTargetID = B29E53C62109547A0039F527;
					};
				};
			};
			buildConfigurationList = B29E53C22109547A0039F527 /* Build configuration list for PBXProject "SampleProject" */;
			compatibilityVersion = "Xcode 9.3";
			developmentRegion = en;
			hasScannedForEncodings = 0;
			knownRegions = (
				en,
				Base,
			);
			mainGroup = B29E53BE2109547A0039F527;
			productRefGroup = B29E53C82109547A0039F527 /* Products */;
			projectDirPath = "";
			projectRoot = "";
			targets = (
				B29E53C62109547A0039F527 /* SampleProject */,
				B29E53DA210954850039F527 /* SampleProjectTests */,
				B29E53E5210954850039F527 /* SampleProjectUITests */,
			);
		};
/* End PBXProject section */

/* Begin PBXResourcesBuildPhase section */
		B29E53C52109547A0039F527 /* Resources */ = {
			isa = PBXResourcesBuildPhase;
			buildActionMask = 2147483647;
			files = (
				B29E53D5210954850039F527 /* LaunchScreen.storyboard in Resources */,
				B29E53D2210954850039F527 /* Assets.xcassets in Resources */,
				B29E53D02109547A0039F527 /* Main.storyboard in Resources */,
			);
			runOnlyForDeploymentPostprocessing = 0;
		};
		B29E53D9210954850039F527 /* Resources */ = {
			isa = PBXResourcesBuildPhase;
			buildActionMask = 2147483647;
			files = (
			);
			runOnlyForDeploymentPostprocessing = 0;
		};
		B29E53E4210954850039F527 /* Resources */ = {
			isa = PBXResourcesBuildPhase;
			buildActionMask = 2147483647;
			files = (
			);
			runOnlyForDeploymentPostprocessing = 0;
		};
/* End PBXResourcesBuildPhase section */

/* Begin PBXSourcesBuildPhase section */
		B29E53C32109547A0039F527 /* Sources */ = {
			isa = PBXSourcesBuildPhase;
			buildActionMask = 2147483647;
			files = (
				B29E53CD2109547A0039F527 /* ViewController.swift in Sources */,
				B29E53CB2109547A0039F527 /* AppDelegate.swift in Sources */,
			);
			runOnlyForDeploymentPostprocessing = 0;
		};
		B29E53D7210954850039F527 /* Sources */ = {
			isa = PBXSourcesBuildPhase;
			buildActionMask = 2147483647;
			files = (
				B29E53E0210954850039F527 /* SampleProjectTests.swift in Sources */,
			);
			runOnlyForDeploymentPostprocessing = 0;
		};
		B29E53E2210954850039F527 /* Sources */ = {
			isa = PBXSourcesBuildPhase;
			buildActionMask = 2147483647;
			files = (
				B29E53EB210954850039F527 /* SampleProjectUITests.swift in Sources */,
			);
			runOnlyForDeploymentPostprocessing = 0;
		};
/* End PBXSourcesBuildPhase section */

/* Begin PBXTargetDependency section */
		B29E53DD210954850039F527 /* PBXTargetDependency */ = {
			isa = PBXTargetDependency;
			target = B29E53C62109547A0039F527 /* SampleProject */;
			targetProxy = B29E53DC210954850039F527 /* PBXContainerItemProxy */;
		};
		B29E53E8210954850039F527 /* PBXTargetDependency */ = {
			isa = PBXTargetDependency;
			target = B29E53C62109547A0039F527 /* SampleProject */;
			targetProxy = B29E53E7210954850039F527 /* PBXContainerItemProxy */;
		};
/* End PBXTargetDependency section */

/* Begin PBXVariantGroup section */
		B29E53CE2109547A0039F527 /* Main.storyboard */ = {
			isa = PBXVariantGroup;
			children = (
				B29E53CF2109547A0039F527 /* Base */,
			);
			name = Main.storyboard;
			sourceTree = "<group>";
		};
		B29E53D3210954850039F527 /* LaunchScreen.storyboard */ = {
			isa = PBXVariantGroup;
			children = (
				B29E53D4210954850039F527 /* Base */,
			);
			name = LaunchScreen.storyboard;
			sourceTree = "<group>";
		};
/* End PBXVariantGroup section */

/* Begin XCBuildConfiguration section */
		B29E53ED210954850039F527 /* Debug */ = {
			isa = XCBuildConfiguration;
			buildSettings = {
				ALWAYS_SEARCH_USER_PATHS = NO;
				CLANG_ANALYZER_NONNULL = YES;
				CLANG_ANALYZER_NUMBER_OBJECT_CONVERSION = YES_AGGRESSIVE;
				CLANG_CXX_LANGUAGE_STANDARD = "gnu++14";
				CLANG_CXX_LIBRARY = "libc++";
				CLANG_ENABLE_MODULES = YES;
				CLANG_ENABLE_OBJC_ARC = YES;
				CLANG_ENABLE_OBJC_WEAK = YES;
				CLANG_WARN_BLOCK_CAPTURE_AUTORELEASING = YES;
				CLANG_WARN_BOOL_CONVERSION = YES;
				CLANG_WARN_COMMA = YES;
				CLANG_WARN_CONSTANT_CONVERSION = YES;
				CLANG_WARN_DEPRECATED_OBJC_IMPLEMENTATIONS = YES;
				CLANG_WARN_DIRECT_OBJC_ISA_USAGE = YES_ERROR;
				CLANG_WARN_DOCUMENTATION_COMMENTS = YES;
				CLANG_WARN_EMPTY_BODY = YES;
				CLANG_WARN_ENUM_CONVERSION = YES;
				CLANG_WARN_INFINITE_RECURSION = YES;
				CLANG_WARN_INT_CONVERSION = YES;
				CLANG_WARN_NON_LITERAL_NULL_CONVERSION = YES;
				CLANG_WARN_OBJC_IMPLICIT_RETAIN_SELF = YES;
				CLANG_WARN_OBJC_LITERAL_CONVERSION = YES;
				CLANG_WARN_OBJC_ROOT_CLASS = YES_ERROR;
				CLANG_WARN_RANGE_LOOP_ANALYSIS = YES;
				CLANG_WARN_STRICT_PROTOTYPES = YES;
				CLANG_WARN_SUSPICIOUS_MOVE = YES;
				CLANG_WARN_UNGUARDED_AVAILABILITY = YES_AGGRESSIVE;
				CLANG_WARN_UNREACHABLE_CODE = YES;
				CLANG_WARN__DUPLICATE_METHOD_MATCH = YES;
				CODE_SIGN_IDENTITY = "iPhone Developer";
				COPY_PHASE_STRIP = NO;
				DEBUG_INFORMATION_FORMAT = dwarf;
				ENABLE_STRICT_OBJC_MSGSEND = YES;
				ENABLE_TESTABILITY = YES;
				GCC_C_LANGUAGE_STANDARD = gnu11;
				GCC_DYNAMIC_NO_PIC = NO;
				GCC_NO_COMMON_BLOCKS = YES;
				GCC_OPTIMIZATION_LEVEL = 0;
				GCC_PREPROCESSOR_DEFINITIONS = (
					"DEBUG=1",
					"$(inherited)",
				);
				GCC_WARN_64_TO_32_BIT_CONVERSION = YES;
				GCC_WARN_ABOUT_RETURN_TYPE = YES_ERROR;
				GCC_WARN_UNDECLARED_SELECTOR = YES;
				GCC_WARN_UNINITIALIZED_AUTOS = YES_AGGRESSIVE;
				GCC_WARN_UNUSED_FUNCTION = YES;
				GCC_WARN_UNUSED_VARIABLE = YES;
				IPHONEOS_DEPLOYMENT_TARGET = 11.4;
				MTL_ENABLE_DEBUG_INFO = YES;
				ONLY_ACTIVE_ARCH = YES;
				SDKROOT = iphoneos;
				SWIFT_ACTIVE_COMPILATION_CONDITIONS = DEBUG;
				SWIFT_OPTIMIZATION_LEVEL = "-Onone";
			};
			name = Debug;
		};
		B29E53EE210954850039F527 /* Release */ = {
			isa = XCBuildConfiguration;
			buildSettings = {
				ALWAYS_SEARCH_USER_PATHS = NO;
				CLANG_ANALYZER_NONNULL = YES;
				CLANG_ANALYZER_NUMBER_OBJECT_CONVERSION = YES_AGGRESSIVE;
				CLANG_CXX_LANGUAGE_STANDARD = "gnu++14";
				CLANG_CXX_LIBRARY = "libc++";
				CLANG_ENABLE_MODULES = YES;
				CLANG_ENABLE_OBJC_ARC = YES;
				CLANG_ENABLE_OBJC_WEAK = YES;
				CLANG_WARN_BLOCK_CAPTURE_AUTORELEASING = YES;
				CLANG_WARN_BOOL_CONVERSION = YES;
				CLANG_WARN_COMMA = YES;
				CLANG_WARN_CONSTANT_CONVERSION = YES;
				CLANG_WARN_DEPRECATED_OBJC_IMPLEMENTATIONS = YES;
				CLANG_WARN_DIRECT_OBJC_ISA_USAGE = YES_ERROR;
				CLANG_WARN_DOCUMENTATION_COMMENTS = YES;
				CLANG_WARN_EMPTY_BODY = YES;
				CLANG_WARN_ENUM_CONVERSION = YES;
				CLANG_WARN_INFINITE_RECURSION = YES;
				CLANG_WARN_INT_CONVERSION = YES;
				CLANG_WARN_NON_LITERAL_NULL_CONVERSION = YES;
				CLANG_WARN_OBJC_IMPLICIT_RETAIN_SELF = YES;
				CLANG_WARN_OBJC_LITERAL_CONVERSION = YES;
				CLANG_WARN_OBJC_ROOT_CLASS = YES_ERROR;
				CLANG_WARN_RANGE_LOOP_ANALYSIS = YES;
				CLANG_WARN_STRICT_PROTOTYPES = YES;
				CLANG_WARN_SUSPICIOUS_MOVE = YES;
				CLANG_WARN_UNGUARDED_AVAILABILITY = YES_AGGRESSIVE;
				CLANG_WARN_UNREACHABLE_CODE = YES;
				CLANG_WARN__DUPLICATE_METHOD_MATCH = YES;
				CODE_SIGN_IDENTITY = "iPhone Developer";
				COPY_PHASE_STRIP = NO;
				DEBUG_INFORMATION_FORMAT = "dwarf-with-dsym";
				ENABLE_NS_ASSERTIONS = NO;
				ENABLE_STRICT_OBJC_MSGSEND = YES;
				GCC_C_LANGUAGE_STANDARD = gnu11;
				GCC_NO_COMMON_BLOCKS = YES;
				GCC_WARN_64_TO_32_BIT_CONVERSION = YES;
				GCC_WARN_ABOUT_RETURN_TYPE = YES_ERROR;
				GCC_WARN_UNDECLARED_SELECTOR = YES;
				GCC_WARN_UNINITIALIZED_AUTOS = YES_AGGRESSIVE;
				GCC_WARN_UNUSED_FUNCTION = YES;
				GCC_WARN_UNUSED_VARIABLE = YES;
				IPHONEOS_DEPLOYMENT_TARGET = 11.4;
				MTL_ENABLE_DEBUG_INFO = NO;
				SDKROOT = iphoneos;
				SWIFT_COMPILATION_MODE = wholemodule;
				SWIFT_OPTIMIZATION_LEVEL = "-O";
				VALIDATE_PRODUCT = YES;
			};
			name = Release;
		};
		B29E53F0210954850039F527 /* Debug */ = {
			isa = XCBuildConfiguration;
			buildSettings = {
				ASSETCATALOG_COMPILER_APPICON_NAME = AppIcon;
				CODE_SIGN_STYLE = Automatic;
				DEVELOPMENT_TEAM = S5SJYU7N89;
				INFOPLIST_FILE = SampleProject/Info.plist;
				LD_RUNPATH_SEARCH_PATHS = (
					"$(inherited)",
					"@executable_path/Frameworks",
				);
				PRODUCT_BUNDLE_IDENTIFIER = com.SampleProject;
				PRODUCT_NAME = "$(TARGET_NAME)";
				SWIFT_VERSION = 4.0;
				TARGETED_DEVICE_FAMILY = "1,2";
			};
			name = Debug;
		};
		B29E53F1210954850039F527 /* Release */ = {
			isa = XCBuildConfiguration;
			buildSettings = {
				ASSETCATALOG_COMPILER_APPICON_NAME = AppIcon;
				CODE_SIGN_STYLE = Automatic;
				DEVELOPMENT_TEAM = S5SJYU7N89;
				INFOPLIST_FILE = SampleProject/Info.plist;
				LD_RUNPATH_SEARCH_PATHS = (
					"$(inherited)",
					"@executable_path/Frameworks",
				);
				PRODUCT_BUNDLE_IDENTIFIER = com.SampleProject;
				PRODUCT_NAME = "$(TARGET_NAME)";
				SWIFT_VERSION = 4.0;
				TARGETED_DEVICE_FAMILY = "1,2";
			};
			name = Release;
		};
		B29E53F3210954850039F527 /* Debug */ = {
			isa = XCBuildConfiguration;
			buildSettings = {
				ALWAYS_EMBED_SWIFT_STANDARD_LIBRARIES = YES;
				BUNDLE_LOADER = "$(TEST_HOST)";
				CODE_SIGN_STYLE = Automatic;
				DEVELOPMENT_TEAM = S5SJYU7N89;
				INFOPLIST_FILE = SampleProjectTests/Info.plist;
				LD_RUNPATH_SEARCH_PATHS = (
					"$(inherited)",
					"@executable_path/Frameworks",
					"@loader_path/Frameworks",
				);
				PRODUCT_BUNDLE_IDENTIFIER = com.SampleProjectTests;
				PRODUCT_NAME = "$(TARGET_NAME)";
				SWIFT_VERSION = 4.0;
				TARGETED_DEVICE_FAMILY = "1,2";
				TEST_HOST = "$(BUILT_PRODUCTS_DIR)/SampleProject.app/SampleProject";
			};
			name = Debug;
		};
		B29E53F4210954850039F527 /* Release */ = {
			isa = XCBuildConfiguration;
			buildSettings = {
				ALWAYS_EMBED_SWIFT_STANDARD_LIBRARIES = YES;
				BUNDLE_LOADER = "$(TEST_HOST)";
				CODE_SIGN_STYLE = Automatic;
				DEVELOPMENT_TEAM = S5SJYU7N89;
				INFOPLIST_FILE = SampleProjectTests/Info.plist;
				LD_RUNPATH_SEARCH_PATHS = (
					"$(inherited)",
					"@executable_path/Frameworks",
					"@loader_path/Frameworks",
				);
				PRODUCT_BUNDLE_IDENTIFIER = com.SampleProjectTests;
				PRODUCT_NAME = "$(TARGET_NAME)";
				SWIFT_VERSION = 4.0;
				TARGETED_DEVICE_FAMILY = "1,2";
				TEST_HOST = "$(BUILT_PRODUCTS_DIR)/SampleProject.app/SampleProject";
			};
			name = Release;
		};
		B29E53F6210954850039F527 /* Debug */ = {
			isa = XCBuildConfiguration;
			buildSettings = {
				ALWAYS_EMBED_SWIFT_STANDARD_LIBRARIES = YES;
				CODE_SIGN_STYLE = Automatic;
				DEVELOPMENT_TEAM = S5SJYU7N89;
				INFOPLIST_FILE = SampleProjectUITests/Info.plist;
				LD_RUNPATH_SEARCH_PATHS = (
					"$(inherited)",
					"@executable_path/Frameworks",
					"@loader_path/Frameworks",
				);
				PRODUCT_BUNDLE_IDENTIFIER = com.SampleProjectUITests;
				PRODUCT_NAME = "$(TARGET_NAME)";
				SWIFT_VERSION = 4.0;
				TARGETED_DEVICE_FAMILY = "1,2";
				TEST_TARGET_NAME = SampleProject;
			};
			name = Debug;
		};
		B29E53F7210954850039F527 /* Release */ = {
			isa = XCBuildConfiguration;
			buildSettings = {
				ALWAYS_EMBED_SWIFT_STANDARD_LIBRARIES = YES;
				CODE_SIGN_STYLE = Automatic;
				DEVELOPMENT_TEAM = S5SJYU7N89;
				INFOPLIST_FILE = SampleProjectUITests/Info.plist;
				LD_RUNPATH_SEARCH_PATHS = (
					"$(inherited)",
					"@executable_path/Frameworks",
					"@loader_path/Frameworks",
				);
				PRODUCT_BUNDLE_IDENTIFIER = com.SampleProjectUITests;
				PRODUCT_NAME = "$(TARGET_NAME)";
				SWIFT_VERSION = 4.0;
				TARGETED_DEVICE_FAMILY = "1,2";
				TEST_TARGET_NAME = SampleProject;
			};
			name = Release;
		};
/* End XCBuildConfiguration section */

/* Begin XCConfigurationList section */
		B29E53C22109547A0039F527 /* Build configuration list for PBXProject "SampleProject" */ = {
			isa = XCConfigurationList;
			buildConfigurations = (
				B29E53ED210954850039F527 /* Debug */,
				B29E53EE210954850039F527 /* Release */,
			);
			defaultConfigurationIsVisible = 0;
			defaultConfigurationName = Release;
		};
		B29E53EF210954850039F527 /* Build configuration list for PBXNativeTarget "SampleProject" */ = {
			isa = XCConfigurationList;
			buildConfigurations = (
				B29E53F0210954850039F527 /* Debug */,
				B29E53F1210954850039F527 /* Release */,
			);
			defaultConfigurationIsVisible = 0;
			defaultConfigurationName = Release;
		};
		B29E53F2210954850039F527 /* Build configuration list for PBXNativeTarget "SampleProjectTests" */ = {
			isa = XCConfigurationList;
			buildConfigurations = (
				B29E53F3210954850039F527 /* Debug */,
				B29E53F4210954850039F527 /* Release */,
			);
			defaultConfigurationIsVisible = 0;
			defaultConfigurationName = Release;
		};
		B29E53F5210954850039F527 /* Build configuration list for PBXNativeTarget "SampleProjectUITests" */ = {
			isa = XCConfigurationList;
			buildConfigurations = (
				B29E53F6210954850039F527 /* Debug */,
				B29E53F7210954850039F527 /* Release */,
			);
			defaultConfigurationIsVisible = 0;
			defaultConfigurationName = Release;
		};
/* End XCConfigurationList section */
	};
	rootObject = B29E53BF2109547A0039F527 /* Project object */;
}
